# THIS IS AN AUTOGENERATED FILE. DO NOT EDIT THIS FILE DIRECTLY.
# yarn lockfile v1


nodemailer@^6.9.16:
  version "6.9.16"
  resolved "https://registry.yarnpkg.com/nodemailer/-/nodemailer-6.9.16.tgz#3ebdf6c6f477c571c0facb0727b33892635e0b8b"
  integrity sha512-psAuZdTIRN08HKVd/E8ObdV6NO7NTBY3KsC30F7M4H1OnmLCUNaS56FpYxyb26zWLSyYF9Ozch9KYHhHegsiOQ==
